
Microsoft Visual Studio Solution File, Format Version 12.00
# Visual Studio 15
VisualStudioVersion = 15.0.28307.106
MinimumVisualStudioVersion = 10.0.40219.1
Project("{8BC9CEB8-8B4A-11D0-8D11-00A0C91BC942}") = "ex_ac", "ex_ac\ex_ac.vcxproj", "{22C46D12-F9A1-44C1-B290-5F4DA265F1A5}"
EndProject
Project("{8BC9CEB8-8B4A-11D0-8D11-00A0C91BC942}") = "ac", "..\..\include\ac\ac\ac.vcxproj", "{600D4C2A-EA98-402E-A06A-D96BAA0E50AC}"
EndProject
Global
	GlobalSection(SolutionConfigurationPlatforms) = preSolution
		Debug|x64 = Debug|x64
		Debug|x86 = Debug|x86
		Release|x64 = Release|x64
		Release|x86 = Release|x86
	EndGlobalSection
	GlobalSection(ProjectConfigurationPlatforms) = postSolution
		{22C46D12-F9A1-44C1-B290-5F4DA265F1A5}.Debug|x64.ActiveCfg = Debug|x64
		{22C46D12-F9A1-44C1-B290-5F4DA265F1A5}.Debug|x64.Build.0 = Debug|x64
		{22C46D12-F9A1-44C1-B290-5F4DA265F1A5}.Debug|x86.ActiveCfg = Debug|Win32
		{22C46D12-F9A1-44C1-B290-5F4DA265F1A5}.Debug|x86.Build.0 = Debug|Win32
		{22C46D12-F9A1-44C1-B290-5F4DA265F1A5}.Release|x64.ActiveCfg = Release|x64
		{22C46D12-F9A1-44C1-B290-5F4DA265F1A5}.Release|x64.Build.0 = Release|x64
		{22C46D12-F9A1-44C1-B290-5F4DA265F1A5}.Release|x86.ActiveCfg = Release|Win32
		{22C46D12-F9A1-44C1-B290-5F4DA265F1A5}.Release|x86.Build.0 = Release|Win32
		{600D4C2A-EA98-402E-A06A-D96BAA0E50AC}.Debug|x64.ActiveCfg = Debug|x64
		{600D4C2A-EA98-402E-A06A-D96BAA0E50AC}.Debug|x64.Build.0 = Debug|x64
		{600D4C2A-EA98-402E-A06A-D96BAA0E50AC}.Debug|x86.ActiveCfg = Debug|Win32
		{600D4C2A-EA98-402E-A06A-D96BAA0E50AC}.Debug|x86.Build.0 = Debug|Win32
		{600D4C2A-EA98-402E-A06A-D96BAA0E50AC}.Release|x64.ActiveCfg = Release|x64
		{600D4C2A-EA98-402E-A06A-D96BAA0E50AC}.Release|x64.Build.0 = Release|x64
		{600D4C2A-EA98-402E-A06A-D96BAA0E50AC}.Release|x86.ActiveCfg = Release|Win32
		{600D4C2A-EA98-402E-A06A-D96BAA0E50AC}.Release|x86.Build.0 = Release|Win32
	EndGlobalSection
	GlobalSection(SolutionProperties) = preSolution
		HideSolutionNode = FALSE
	EndGlobalSection
	GlobalSection(ExtensibilityGlobals) = postSolution
		SolutionGuid = {F1CF86FB-F022-4F8B-980A-F28F99C949BD}
	EndGlobalSection
EndGlobal
