
Microsoft Visual Studio Solution File, Format Version 12.00
# Visual Studio 15
VisualStudioVersion = 15.0.28010.2026
MinimumVisualStudioVersion = 10.0.40219.1
Project("{8BC9CEB8-8B4A-11D0-8D11-00A0C91BC942}") = "ex_OS", "ex_OS\ex_OS.vcxproj", "{58FA4BAE-995E-4517-910D-AF89AB3B9BE0}"
	ProjectSection(ProjectDependencies) = postProject
		{7A042B3C-660D-46B9-A3C3-2E17D6089477} = {7A042B3C-660D-46B9-A3C3-2E17D6089477}
		{4752B273-49A9-4C3B-B445-FF883D72427B} = {4752B273-49A9-4C3B-B445-FF883D72427B}
		{45424BD8-2730-4F74-A404-B8319F56C0C2} = {45424BD8-2730-4F74-A404-B8319F56C0C2}
	EndProjectSection
EndProject
Project("{8BC9CEB8-8B4A-11D0-8D11-00A0C91BC942}") = "ord", "..\..\include\ord\ord\ord.vcxproj", "{45424BD8-2730-4F74-A404-B8319F56C0C2}"
EndProject
Project("{8BC9CEB8-8B4A-11D0-8D11-00A0C91BC942}") = "re", "..\..\include\re\re\re.vcxproj", "{4752B273-49A9-4C3B-B445-FF883D72427B}"
EndProject
Project("{8BC9CEB8-8B4A-11D0-8D11-00A0C91BC942}") = "OS", "..\..\include\OS\OS\OS.vcxproj", "{7A042B3C-660D-46B9-A3C3-2E17D6089477}"
	ProjectSection(ProjectDependencies) = postProject
		{4752B273-49A9-4C3B-B445-FF883D72427B} = {4752B273-49A9-4C3B-B445-FF883D72427B}
	EndProjectSection
EndProject
Global
	GlobalSection(SolutionConfigurationPlatforms) = preSolution
		Debug|x64 = Debug|x64
		Debug|x86 = Debug|x86
		Release|x64 = Release|x64
		Release|x86 = Release|x86
	EndGlobalSection
	GlobalSection(ProjectConfigurationPlatforms) = postSolution
		{58FA4BAE-995E-4517-910D-AF89AB3B9BE0}.Debug|x64.ActiveCfg = Debug|x64
		{58FA4BAE-995E-4517-910D-AF89AB3B9BE0}.Debug|x64.Build.0 = Debug|x64
		{58FA4BAE-995E-4517-910D-AF89AB3B9BE0}.Debug|x86.ActiveCfg = Debug|Win32
		{58FA4BAE-995E-4517-910D-AF89AB3B9BE0}.Debug|x86.Build.0 = Debug|Win32
		{58FA4BAE-995E-4517-910D-AF89AB3B9BE0}.Release|x64.ActiveCfg = Release|x64
		{58FA4BAE-995E-4517-910D-AF89AB3B9BE0}.Release|x64.Build.0 = Release|x64
		{58FA4BAE-995E-4517-910D-AF89AB3B9BE0}.Release|x86.ActiveCfg = Release|Win32
		{58FA4BAE-995E-4517-910D-AF89AB3B9BE0}.Release|x86.Build.0 = Release|Win32
		{45424BD8-2730-4F74-A404-B8319F56C0C2}.Debug|x64.ActiveCfg = Debug|x64
		{45424BD8-2730-4F74-A404-B8319F56C0C2}.Debug|x64.Build.0 = Debug|x64
		{45424BD8-2730-4F74-A404-B8319F56C0C2}.Debug|x86.ActiveCfg = Debug|Win32
		{45424BD8-2730-4F74-A404-B8319F56C0C2}.Debug|x86.Build.0 = Debug|Win32
		{45424BD8-2730-4F74-A404-B8319F56C0C2}.Release|x64.ActiveCfg = Release|x64
		{45424BD8-2730-4F74-A404-B8319F56C0C2}.Release|x64.Build.0 = Release|x64
		{45424BD8-2730-4F74-A404-B8319F56C0C2}.Release|x86.ActiveCfg = Release|Win32
		{45424BD8-2730-4F74-A404-B8319F56C0C2}.Release|x86.Build.0 = Release|Win32
		{4752B273-49A9-4C3B-B445-FF883D72427B}.Debug|x64.ActiveCfg = Debug|x64
		{4752B273-49A9-4C3B-B445-FF883D72427B}.Debug|x64.Build.0 = Debug|x64
		{4752B273-49A9-4C3B-B445-FF883D72427B}.Debug|x86.ActiveCfg = Debug|Win32
		{4752B273-49A9-4C3B-B445-FF883D72427B}.Debug|x86.Build.0 = Debug|Win32
		{4752B273-49A9-4C3B-B445-FF883D72427B}.Release|x64.ActiveCfg = Release|x64
		{4752B273-49A9-4C3B-B445-FF883D72427B}.Release|x64.Build.0 = Release|x64
		{4752B273-49A9-4C3B-B445-FF883D72427B}.Release|x86.ActiveCfg = Release|Win32
		{4752B273-49A9-4C3B-B445-FF883D72427B}.Release|x86.Build.0 = Release|Win32
		{7A042B3C-660D-46B9-A3C3-2E17D6089477}.Debug|x64.ActiveCfg = Debug|x64
		{7A042B3C-660D-46B9-A3C3-2E17D6089477}.Debug|x64.Build.0 = Debug|x64
		{7A042B3C-660D-46B9-A3C3-2E17D6089477}.Debug|x86.ActiveCfg = Debug|Win32
		{7A042B3C-660D-46B9-A3C3-2E17D6089477}.Debug|x86.Build.0 = Debug|Win32
		{7A042B3C-660D-46B9-A3C3-2E17D6089477}.Release|x64.ActiveCfg = Release|x64
		{7A042B3C-660D-46B9-A3C3-2E17D6089477}.Release|x64.Build.0 = Release|x64
		{7A042B3C-660D-46B9-A3C3-2E17D6089477}.Release|x86.ActiveCfg = Release|Win32
		{7A042B3C-660D-46B9-A3C3-2E17D6089477}.Release|x86.Build.0 = Release|Win32
	EndGlobalSection
	GlobalSection(SolutionProperties) = preSolution
		HideSolutionNode = FALSE
	EndGlobalSection
	GlobalSection(ExtensibilityGlobals) = postSolution
		SolutionGuid = {0CF76538-F32E-44D4-A873-5DDC578214FF}
	EndGlobalSection
EndGlobal
